
Microsoft Visual Studio Solution File, Format Version 12.00
# Visual Studio Version 16
VisualStudioVersion = 16.0.31529.105
MinimumVisualStudioVersion = 10.0.40219.1
Project("{FAE04EC0-301F-11D3-BF4B-00C04F79EFBC}") = "RandomNumberGenerator", "RandomNumberGenerator\RandomNumberGenerator.csproj", "{990D431B-609A-48D2-8F4F-B71909BCA05A}"
EndProject
Global
	GlobalSection(SolutionConfigurationPlatforms) = preSolution
		Debug|Any CPU = Debug|Any CPU
		Release|Any CPU = Release|Any CPU
	EndGlobalSection
	GlobalSection(ProjectConfigurationPlatforms) = postSolution
		{990D431B-609A-48D2-8F4F-B71909BCA05A}.Debug|Any CPU.ActiveCfg = Debug|Any CPU
		{990D431B-609A-48D2-8F4F-B71909BCA05A}.Debug|Any CPU.Build.0 = Debug|Any CPU
		{990D431B-609A-48D2-8F4F-B71909BCA05A}.Release|Any CPU.ActiveCfg = Release|Any CPU
		{990D431B-609A-48D2-8F4F-B71909BCA05A}.Release|Any CPU.Build.0 = Release|Any CPU
	EndGlobalSection
	GlobalSection(SolutionProperties) = preSolution
		HideSolutionNode = FALSE
	EndGlobalSection
	GlobalSection(ExtensibilityGlobals) = postSolution
		SolutionGuid = {54543135-393D-4FDF-8CFF-C09771A37A31}
	EndGlobalSection
EndGlobal
